# This file was autogenerated by Stack.
# You should not edit this file by hand.
# For more information, please see the documentation at:
#   https://docs.haskellstack.org/en/stable/lock_files

packages: []
snapshots:
- completed:
    sha256: 4c31d4ef975b0211078862566aedf3b82b6cea569fc2cde4c72a51e5a8d236ce
    size: 618951
    url: https://raw.githubusercontent.com/commercialhaskell/stackage-snapshots/master/lts/19/14.yaml
  original: lts-19.14
